
Microsoft Visual Studio Solution File, Format Version 12.00
# Visual Studio Version 16
VisualStudioVersion = 16.0.34031.81
MinimumVisualStudioVersion = 10.0.40219.1
Project("{888888A0-9F3D-457C-B088-3A5042F75D52}") = "ARRAYS1", "ARRAYS1\ARRAYS1.pyproj", "{E2488B33-9640-4C5F-A2DE-11E48B51CCA9}"
EndProject
Global
	GlobalSection(SolutionConfigurationPlatforms) = preSolution
		Debug|Any CPU = Debug|Any CPU
		Release|Any CPU = Release|Any CPU
	EndGlobalSection
	GlobalSection(ProjectConfigurationPlatforms) = postSolution
		{E2488B33-9640-4C5F-A2DE-11E48B51CCA9}.Debug|Any CPU.ActiveCfg = Debug|Any CPU
		{E2488B33-9640-4C5F-A2DE-11E48B51CCA9}.Release|Any CPU.ActiveCfg = Release|Any CPU
	EndGlobalSection
	GlobalSection(SolutionProperties) = preSolution
		HideSolutionNode = FALSE
	EndGlobalSection
	GlobalSection(ExtensibilityGlobals) = postSolution
		SolutionGuid = {1C054F15-E3CB-43C3-AE18-E8D0FB1D4A13}
	EndGlobalSection
EndGlobal
